# This file was autogenerated by Stack.
# You should not edit this file by hand.
# For more information, please see the documentation at:
#   https://docs.haskellstack.org/en/stable/lock_files

packages:
- completed:
    name: xmobar
    version: '0.42'
    git: https://github.com/jaor/xmobar
    pantry-tree:
      size: 10091
      sha256: 35518671e690072c86e9feaa2f32cea932734bb817efd4f2ec14fc00ece5df20
    commit: 52980f31965961bb9c52c83d45e5822d4472ec02
  original:
    git: https://github.com/jaor/xmobar
    commit: 52980f31965961bb9c52c83d45e5822d4472ec02
- completed:
    hackage: X11-xft-0.3.4@sha256:e08bd69d24c40f1a33e6c87964f200656da77ad6a1fbdf6a4073dcb967e65599,1380
    pantry-tree:
      size: 330
      sha256: 0dad74fea9135433d0f4ca7a65dba6c8ac99136bb6cacf901d2ddf795846d0f1
  original:
    hackage: X11-xft-0.3.4
snapshots:
- completed:
    size: 616897
    url: https://raw.githubusercontent.com/commercialhaskell/stackage-snapshots/master/lts/19/0.yaml
    sha256: bbf2be02f17940bac1f87cb462d4fb0c3355de6dcfc53d84f4f9ad3ee2164f65
  original: lts-19.0
