# This file was autogenerated by Stack.
# You should not edit this file by hand.
# For more information, please see the documentation at:
#   https://docs.haskellstack.org/en/stable/lock_files

packages:
- completed:
    hackage: xmonad-contrib-0.18.0@sha256:aae129651391ec65e4c7cf4c23b280cc5e69f709d86668502426a41eebab9d3c,22370
    pantry-tree:
      sha256: d2987f3843f1c5ca11bf63d22630679a34b7578f432a96f0dec97b98c4984e72
      size: 23806
  original:
    hackage: xmonad-contrib-0.18.0
- completed:
    hackage: xmobar-0.47.4@sha256:27e63d21e46f6ed6c44293a566a43ee81cf74e517aa205b260d159128e38e3eb,15129
    pantry-tree:
      sha256: 4e842b5a15556646db0478812e5d5986a10939b88e145432d57880051d2e7c3f
      size: 9769
  original:
    hackage: xmobar-0.47.4
snapshots:
- completed:
    sha256: 08bd13ce621b41a8f5e51456b38d5b46d7783ce114a50ab604d6bbab0d002146
    size: 720271
    url: https://raw.githubusercontent.com/commercialhaskell/stackage-snapshots/master/lts/22/43.yaml
  original: lts-22.43
